
Microsoft Visual Studio Solution File, Format Version 12.00
# Visual Studio Version 17
VisualStudioVersion = 17.8.34330.188
MinimumVisualStudioVersion = 10.0.40219.1
Project("{FAE04EC0-301F-11D3-BF4B-00C04F79EFBC}") = "ControlPractice", "ControlPractice\ControlPractice.csproj", "{A0319C2E-C695-4D3F-944B-85196F7A16B1}"
EndProject
Global
	GlobalSection(SolutionConfigurationPlatforms) = preSolution
		Debug|Any CPU = Debug|Any CPU
		Release|Any CPU = Release|Any CPU
	EndGlobalSection
	GlobalSection(ProjectConfigurationPlatforms) = postSolution
		{A0319C2E-C695-4D3F-944B-85196F7A16B1}.Debug|Any CPU.ActiveCfg = Debug|Any CPU
		{A0319C2E-C695-4D3F-944B-85196F7A16B1}.Debug|Any CPU.Build.0 = Debug|Any CPU
		{A0319C2E-C695-4D3F-944B-85196F7A16B1}.Release|Any CPU.ActiveCfg = Release|Any CPU
		{A0319C2E-C695-4D3F-944B-85196F7A16B1}.Release|Any CPU.Build.0 = Release|Any CPU
	EndGlobalSection
	GlobalSection(SolutionProperties) = preSolution
		HideSolutionNode = FALSE
	EndGlobalSection
	GlobalSection(ExtensibilityGlobals) = postSolution
		SolutionGuid = {D4B95AA1-9BAC-4CBF-9903-A795E4536357}
	EndGlobalSection
EndGlobal
